schema: '2.0'
stages:
  preprocess:
    cmd: python /Users/emmanuel/Desktop/AMMI/ML_Ops/Labs/Day_3/preprocess.py
    deps:
    - path: Day_3/data/iris.json
      hash: md5
      md5: 16a9ce07864253a22e770943caf9dd26
      size: 15905
    - path: Day_3/preprocess.py
      hash: md5
      md5: 6dff4c78005caa277ecd0d4789f1ee28
      size: 995
    outs:
    - path: Day_3/data/processed_iris.json
      hash: md5
      md5: f527f1475a6cf1c04d110be036dbc30b
      size: 23282
  train:
    cmd: python /Users/emmanuel/Desktop/AMMI/ML_Ops/Labs/Day_3/train.py
    deps:
    - path: Day_3/data/processed_iris.json
      hash: md5
      md5: f527f1475a6cf1c04d110be036dbc30b
      size: 23282
    - path: Day_3/train.py
      hash: md5
      md5: f66f682d38719cbd4a4350ea72823650
      size: 1996
    outs:
    - path: Day_3/model.pkl
      hash: md5
      md5: 2fd44bd37436b9b0a90e03c50dd3d73f
      size: 953
